Microsoft Visual Studio Solution File, Format Version 12.00
# Visual Studio 14
VisualStudioVersion = 14.0.24720.0
MinimumVisualStudioVersion = 10.0.40219.1
Project("{FAE04EC0-301F-11D3-BF4B-00C04F79EFBC}") = "CodingActivity_TicTacToe_ConsoleGame.Solution", "CodingActivity_TicTacToe_ConsoleGame.Solution\CodingActivity_TicTacToe_ConsoleGame.Solution.csproj", "{31EB2C23-8ADA-4821-B09D-F47742466487}"
EndProject
Global
	GlobalSection(SolutionConfigurationPlatforms) = preSolution
		Debug|Any CPU = Debug|Any CPU
		Release|Any CPU = Release|Any CPU
	EndGlobalSection
	GlobalSection(ProjectConfigurationPlatforms) = postSolution
		{31EB2C23-8ADA-4821-B09D-F47742466487}.Debug|Any CPU.ActiveCfg = Debug|Any CPU
		{31EB2C23-8ADA-4821-B09D-F47742466487}.Debug|Any CPU.Build.0 = Debug|Any CPU
		{31EB2C23-8ADA-4821-B09D-F47742466487}.Release|Any CPU.ActiveCfg = Release|Any CPU
		{31EB2C23-8ADA-4821-B09D-F47742466487}.Release|Any CPU.Build.0 = Release|Any CPU
		{5147AB14-F521-491D-971D-11E46FCED5E1}.Debug|Any CPU.ActiveCfg = Debug|Any CPU
		{5147AB14-F521-491D-971D-11E46FCED5E1}.Debug|Any CPU.Build.0 = Debug|Any CPU
		{5147AB14-F521-491D-971D-11E46FCED5E1}.Release|Any CPU.ActiveCfg = Release|Any CPU
		{5147AB14-F521-491D-971D-11E46FCED5E1}.Release|Any CPU.Build.0 = Release|Any CPU
	EndGlobalSection
	GlobalSection(SolutionProperties) = preSolution
		HideSolutionNode = FALSE
	EndGlobalSection
EndGlobal
